
Microsoft Visual Studio Solution File, Format Version 12.00
# Visual Studio 15
VisualStudioVersion = 15.0.27703.2026
MinimumVisualStudioVersion = 10.0.40219.1
Project("{9092AA53-FB77-4645-B42D-1CCCA6BD08BD}") = "React", "React.njsproj", "{120CB22A-FECE-4EF6-B084-40855D8FFE2F}"
EndProject
Global
	GlobalSection(SolutionConfigurationPlatforms) = preSolution
		Debug|Any CPU = Debug|Any CPU
		Release|Any CPU = Release|Any CPU
	EndGlobalSection
	GlobalSection(ProjectConfigurationPlatforms) = postSolution
		{120CB22A-FECE-4EF6-B084-40855D8FFE2F}.Debug|Any CPU.ActiveCfg = Debug|Any CPU
		{120CB22A-FECE-4EF6-B084-40855D8FFE2F}.Debug|Any CPU.Build.0 = Debug|Any CPU
		{120CB22A-FECE-4EF6-B084-40855D8FFE2F}.Release|Any CPU.ActiveCfg = Release|Any CPU
		{120CB22A-FECE-4EF6-B084-40855D8FFE2F}.Release|Any CPU.Build.0 = Release|Any CPU
	EndGlobalSection
	GlobalSection(SolutionProperties) = preSolution
		HideSolutionNode = FALSE
	EndGlobalSection
	GlobalSection(ExtensibilityGlobals) = postSolution
		SolutionGuid = {9C1E0354-CBAA-44A5-8B2B-1C91E681B0EB}
	EndGlobalSection
EndGlobal
